// !$*UTF8*$!
{
	archiveVersion = 1;
	classes = {
	};
	objectVersion = 46;
	objects = {

/* Begin PBXBuildFile section */
		280F46F11D17D41F004290C4 /* AppDelegate.swift in Sources */ = {isa = PBXBuildFile; fileRef = 280F46F01D17D41F004290C4 /* AppDelegate.swift */; };
		280F46F31D17D41F004290C4 /* ViewController.swift in Sources */ = {isa = PBXBuildFile; fileRef = 280F46F21D17D41F004290C4 /* ViewController.swift */; };
		280F46F61D17D41F004290C4 /* Main.storyboard in Resources */ = {isa = PBXBuildFile; fileRef = 280F46F41D17D41F004290C4 /* Main.storyboard */; };
		280F46F81D17D41F004290C4 /* Assets.xcassets in Resources */ = {isa = PBXBuildFile; fileRef = 280F46F71D17D41F004290C4 /* Assets.xcassets */; };
		280F46FB1D17D41F004290C4 /* LaunchScreen.storyboard in Resources */ = {isa = PBXBuildFile; fileRef = 280F46F91D17D41F004290C4 /* LaunchScreen.storyboard */; };
		280F47031D17D874004290C4 /* AudioToolbox.framework in Frameworks */ = {isa = PBXBuildFile; fileRef = 280F47021D17D874004290C4 /* AudioToolbox.framework */; };
		280F47051D17D87D004290C4 /* SystemConfiguration.framework in Frameworks */ = {isa = PBXBuildFile; fileRef = 280F47041D17D87D004290C4 /* SystemConfiguration.framework */; };
		280F47071D17D884004290C4 /* AVFoundation.framework in Frameworks */ = {isa = PBXBuildFile; fileRef = 280F47061D17D884004290C4 /* AVFoundation.framework */; };
		280F47091D17D88F004290C4 /* MediaPlayer.framework in Frameworks */ = {isa = PBXBuildFile; fileRef = 280F47081D17D88F004290C4 /* MediaPlayer.framework */; };
		280F47141D17D9F9004290C4 /* UIKit.framework in Frameworks */ = {isa = PBXBuildFile; fileRef = 280F47131D17D9F9004290C4 /* UIKit.framework */; };
		280F47161D17DA04004290C4 /* CoreGraphics.framework in Frameworks */ = {isa = PBXBuildFile; fileRef = 280F47151D17DA04004290C4 /* CoreGraphics.framework */; };
		280F47181D17DA0E004290C4 /* QuartzCore.framework in Frameworks */ = {isa = PBXBuildFile; fileRef = 280F47171D17DA0E004290C4 /* QuartzCore.framework */; };
		280F471A1D17DA20004290C4 /* Foundation.framework in Frameworks */ = {isa = PBXBuildFile; fileRef = 280F47191D17DA20004290C4 /* Foundation.framework */; };
		280F471E1D17DCFF004290C4 /* DaumSpeech.framework in Frameworks */ = {isa = PBXBuildFile; fileRef = 280F471D1D17DCFF004290C4 /* DaumSpeech.framework */; };
		280F47201D17ED11004290C4 /* ListViewController.swift in Sources */ = {isa = PBXBuildFile; fileRef = 280F471F1D17ED11004290C4 /* ListViewController.swift */; };
		280F47221D17F02F004290C4 /* Food.swift in Sources */ = {isa = PBXBuildFile; fileRef = 280F47211D17F02F004290C4 /* Food.swift */; };
		280F47281D19547C004290C4 /* TableViewControllerDetail.swift in Sources */ = {isa = PBXBuildFile; fileRef = 280F47271D19547C004290C4 /* TableViewControllerDetail.swift */; };
		280F472A1D1959E4004290C4 /* TableViewControllerStoreList.swift in Sources */ = {isa = PBXBuildFile; fileRef = 280F47291D1959E4004290C4 /* TableViewControllerStoreList.swift */; };
/* End PBXBuildFile section */

/* Begin PBXFileReference section */
		280F46ED1D17D41F004290C4 /* SOVIS1.app */ = {isa = PBXFileReference; explicitFileType = wrapper.application; includeInIndex = 0; path = SOVIS1.app; sourceTree = BUILT_PRODUCTS_DIR; };
		280F46F01D17D41F004290C4 /* AppDelegate.swift */ = {isa = PBXFileReference; lastKnownFileType = sourcecode.swift; path = AppDelegate.swift; sourceTree = "<group>"; };
		280F46F21D17D41F004290C4 /* ViewController.swift */ = {isa = PBXFileReference; lastKnownFileType = sourcecode.swift; path = ViewController.swift; sourceTree = "<group>"; };
		280F46F51D17D41F004290C4 /* Base */ = {isa = PBXFileReference; lastKnownFileType = file.storyboard; name = Base; path = Base.lproj/Main.storyboard; sourceTree = "<group>"; };
		280F46F71D17D41F004290C4 /* Assets.xcassets */ = {isa = PBXFileReference; lastKnownFileType = folder.assetcatalog; path = Assets.xcassets; sourceTree = "<group>"; };
		280F46FA1D17D41F004290C4 /* Base */ = {isa = PBXFileReference; lastKnownFileType = file.storyboard; name = Base; path = Base.lproj/LaunchScreen.storyboard; sourceTree = "<group>"; };
		280F46FC1D17D41F004290C4 /* Info.plist */ = {isa = PBXFileReference; lastKnownFileType = text.plist.xml; path = Info.plist; sourceTree = "<group>"; };
		280F47021D17D874004290C4 /* AudioToolbox.framework */ = {isa = PBXFileReference; lastKnownFileType = wrapper.framework; name = AudioToolbox.framework; path = System/Library/Frameworks/AudioToolbox.framework; sourceTree = SDKROOT; };
		280F47041D17D87D004290C4 /* SystemConfiguration.framework */ = {isa = PBXFileReference; lastKnownFileType = wrapper.framework; name = SystemConfiguration.framework; path = System/Library/Frameworks/SystemConfiguration.framework; sourceTree = SDKROOT; };
		280F47061D17D884004290C4 /* AVFoundation.framework */ = {isa = PBXFileReference; lastKnownFileType = wrapper.framework; name = AVFoundation.framework; path = System/Library/Frameworks/AVFoundation.framework; sourceTree = SDKROOT; };
		280F47081D17D88F004290C4 /* MediaPlayer.framework */ = {isa = PBXFileReference; lastKnownFileType = wrapper.framework; name = MediaPlayer.framework; path = System/Library/Frameworks/MediaPlayer.framework; sourceTree = SDKROOT; };
		280F47131D17D9F9004290C4 /* UIKit.framework */ = {isa = PBXFileReference; lastKnownFileType = wrapper.framework; name = UIKit.framework; path = System/Library/Frameworks/UIKit.framework; sourceTree = SDKROOT; };
		280F47151D17DA04004290C4 /* CoreGraphics.framework */ = {isa = PBXFileReference; lastKnownFileType = wrapper.framework; name = CoreGraphics.framework; path = System/Library/Frameworks/CoreGraphics.framework; sourceTree = SDKROOT; };
		280F47171D17DA0E004290C4 /* QuartzCore.framework */ = {isa = PBXFileReference; lastKnownFileType = wrapper.framework; name = QuartzCore.framework; path = System/Library/Frameworks/QuartzCore.framework; sourceTree = SDKROOT; };
		280F47191D17DA20004290C4 /* Foundation.framework */ = {isa = PBXFileReference; lastKnownFileType = wrapper.framework; name = Foundation.framework; path = System/Library/Frameworks/Foundation.framework; sourceTree = SDKROOT; };
		280F471D1D17DCFF004290C4 /* DaumSpeech.framework */ = {isa = PBXFileReference; lastKnownFileType = wrapper.framework; name = DaumSpeech.framework; path = SOVIS1/framework/DaumSpeech.framework; sourceTree = "<group>"; };
		280F471F1D17ED11004290C4 /* ListViewController.swift */ = {isa = PBXFileReference; fileEncoding = 4; lastKnownFileType = sourcecode.swift; path = ListViewController.swift; sourceTree = "<group>"; };
		280F47211D17F02F004290C4 /* Food.swift */ = {isa = PBXFileReference; fileEncoding = 4; lastKnownFileType = sourcecode.swift; path = Food.swift; sourceTree = "<group>"; };
		280F47271D19547C004290C4 /* TableViewControllerDetail.swift */ = {isa = PBXFileReference; fileEncoding = 4; lastKnownFileType = sourcecode.swift; path = TableViewControllerDetail.swift; sourceTree = "<group>"; };
		280F47291D1959E4004290C4 /* TableViewControllerStoreList.swift */ = {isa = PBXFileReference; fileEncoding = 4; lastKnownFileType = sourcecode.swift; path = TableViewControllerStoreList.swift; sourceTree = "<group>"; };
/* End PBXFileReference section */

/* Begin PBXFrameworksBuildPhase section */
		280F46EA1D17D41F004290C4 /* Frameworks */ = {
			isa = PBXFrameworksBuildPhase;
			buildActionMask = 2147483647;
			files = (
				280F471E1D17DCFF004290C4 /* DaumSpeech.framework in Frameworks */,
				280F471A1D17DA20004290C4 /* Foundation.framework in Frameworks */,
				280F47181D17DA0E004290C4 /* QuartzCore.framework in Frameworks */,
				280F47161D17DA04004290C4 /* CoreGraphics.framework in Frameworks */,
				280F47141D17D9F9004290C4 /* UIKit.framework in Frameworks */,
				280F47091D17D88F004290C4 /* MediaPlayer.framework in Frameworks */,
				280F47071D17D884004290C4 /* AVFoundation.framework in Frameworks */,
				280F47051D17D87D004290C4 /* SystemConfiguration.framework in Frameworks */,
				280F47031D17D874004290C4 /* AudioToolbox.framework in Frameworks */,
			);
			runOnlyForDeploymentPostprocessing = 0;
		};
/* End PBXFrameworksBuildPhase section */

/* Begin PBXGroup section */
		280F46E41D17D41F004290C4 = {
			isa = PBXGroup;
			children = (
				280F470A1D17D8AC004290C4 /* Frameworks */,
				280F46EF1D17D41F004290C4 /* SOVIS1 */,
				280F46EE1D17D41F004290C4 /* Products */,
			);
			sourceTree = "<group>";
		};
		280F46EE1D17D41F004290C4 /* Products */ = {
			isa = PBXGroup;
			children = (
				280F46ED1D17D41F004290C4 /* SOVIS1.app */,
			);
			name = Products;
			sourceTree = "<group>";
		};
		280F46EF1D17D41F004290C4 /* SOVIS1 */ = {
			isa = PBXGroup;
			children = (
				280F46F01D17D41F004290C4 /* AppDelegate.swift */,
				280F46F21D17D41F004290C4 /* ViewController.swift */,
				280F46F41D17D41F004290C4 /* Main.storyboard */,
				280F47211D17F02F004290C4 /* Food.swift */,
				280F471F1D17ED11004290C4 /* ListViewController.swift */,
				280F46F71D17D41F004290C4 /* Assets.xcassets */,
				280F46F91D17D41F004290C4 /* LaunchScreen.storyboard */,
				280F46FC1D17D41F004290C4 /* Info.plist */,
				280F47271D19547C004290C4 /* TableViewControllerDetail.swift */,
				280F47291D1959E4004290C4 /* TableViewControllerStoreList.swift */,
			);
			path = SOVIS1;
			sourceTree = "<group>";
		};
		280F470A1D17D8AC004290C4 /* Frameworks */ = {
			isa = PBXGroup;
			children = (
				280F471D1D17DCFF004290C4 /* DaumSpeech.framework */,
				280F47191D17DA20004290C4 /* Foundation.framework */,
				280F47171D17DA0E004290C4 /* QuartzCore.framework */,
				280F47151D17DA04004290C4 /* CoreGraphics.framework */,
				280F47131D17D9F9004290C4 /* UIKit.framework */,
				280F47081D17D88F004290C4 /* MediaPlayer.framework */,
				280F47061D17D884004290C4 /* AVFoundation.framework */,
				280F47041D17D87D004290C4 /* SystemConfiguration.framework */,
				280F47021D17D874004290C4 /* AudioToolbox.framework */,
			);
			name = Frameworks;
			sourceTree = "<group>";
		};
/* End PBXGroup section */

/* Begin PBXNativeTarget section */
		280F46EC1D17D41F004290C4 /* SOVIS1 */ = {
			isa = PBXNativeTarget;
			buildConfigurationList = 280F46FF1D17D41F004290C4 /* Build configuration list for PBXNativeTarget "SOVIS1" */;
			buildPhases = (
				280F46E91D17D41F004290C4 /* Sources */,
				280F46EA1D17D41F004290C4 /* Frameworks */,
				280F46EB1D17D41F004290C4 /* Resources */,
			);
			buildRules = (
			);
			dependencies = (
			);
			name = SOVIS1;
			productName = SOVIS1;
			productReference = 280F46ED1D17D41F004290C4 /* SOVIS1.app */;
			productType = "com.apple.product-type.application";
		};
/* End PBXNativeTarget section */

/* Begin PBXProject section */
		280F46E51D17D41F004290C4 /* Project object */ = {
			isa = PBXProject;
			attributes = {
				LastSwiftUpdateCheck = 0730;
				LastUpgradeCheck = 0730;
				ORGANIZATIONNAME = JJ;
				TargetAttributes = {
					280F46EC1D17D41F004290C4 = {
						CreatedOnToolsVersion = 7.3.1;
					};
				};
			};
			buildConfigurationList = 280F46E81D17D41F004290C4 /* Build configuration list for PBXProject "SOVIS1" */;
			compatibilityVersion = "Xcode 3.2";
			developmentRegion = English;
			hasScannedForEncodings = 0;
			knownRegions = (
				en,
				Base,
			);
			mainGroup = 280F46E41D17D41F004290C4;
			productRefGroup = 280F46EE1D17D41F004290C4 /* Products */;
			projectDirPath = "";
			projectRoot = "";
			targets = (
				280F46EC1D17D41F004290C4 /* SOVIS1 */,
			);
		};
/* End PBXProject section */

/* Begin PBXResourcesBuildPhase section */
		280F46EB1D17D41F004290C4 /* Resources */ = {
			isa = PBXResourcesBuildPhase;
			buildActionMask = 2147483647;
			files = (
				280F46FB1D17D41F004290C4 /* LaunchScreen.storyboard in Resources */,
				280F46F81D17D41F004290C4 /* Assets.xcassets in Resources */,
				280F46F61D17D41F004290C4 /* Main.storyboard in Resources */,
			);
			runOnlyForDeploymentPostprocessing = 0;
		};
/* End PBXResourcesBuildPhase section */

/* Begin PBXSourcesBuildPhase section */
		280F46E91D17D41F004290C4 /* Sources */ = {
			isa = PBXSourcesBuildPhase;
			buildActionMask = 2147483647;
			files = (
				280F46F31D17D41F004290C4 /* ViewController.swift in Sources */,
				280F47221D17F02F004290C4 /* Food.swift in Sources */,
				280F46F11D17D41F004290C4 /* AppDelegate.swift in Sources */,
				280F47201D17ED11004290C4 /* ListViewController.swift in Sources */,
				280F47281D19547C004290C4 /* TableViewControllerDetail.swift in Sources */,
				280F472A1D1959E4004290C4 /* TableViewControllerStoreList.swift in Sources */,
			);
			runOnlyForDeploymentPostprocessing = 0;
		};
/* End PBXSourcesBuildPhase section */

/* Begin PBXVariantGroup section */
		280F46F41D17D41F004290C4 /* Main.storyboard */ = {
			isa = PBXVariantGroup;
			children = (
				280F46F51D17D41F004290C4 /* Base */,
			);
			name = Main.storyboard;
			sourceTree = "<group>";
		};
		280F46F91D17D41F004290C4 /* LaunchScreen.storyboard */ = {
			isa = PBXVariantGroup;
			children = (
				280F46FA1D17D41F004290C4 /* Base */,
			);
			name = LaunchScreen.storyboard;
			sourceTree = "<group>";
		};
/* End PBXVariantGroup section */

/* Begin XCBuildConfiguration section */
		280F46FD1D17D41F004290C4 /* Debug */ = {
			isa = XCBuildConfiguration;
			buildSettings = {
				ALWAYS_SEARCH_USER_PATHS = NO;
				CLANG_ANALYZER_NONNULL = YES;
				CLANG_CXX_LANGUAGE_STANDARD = "gnu++0x";
				CLANG_CXX_LIBRARY = "libc++";
				CLANG_ENABLE_MODULES = YES;
				CLANG_ENABLE_OBJC_ARC = YES;
				CLANG_WARN_BOOL_CONVERSION = YES;
				CLANG_WARN_CONSTANT_CONVERSION = YES;
				CLANG_WARN_DIRECT_OBJC_ISA_USAGE = YES_ERROR;
				CLANG_WARN_EMPTY_BODY = YES;
				CLANG_WARN_ENUM_CONVERSION = YES;
				CLANG_WARN_INT_CONVERSION = YES;
				CLANG_WARN_OBJC_ROOT_CLASS = YES_ERROR;
				CLANG_WARN_UNREACHABLE_CODE = YES;
				CLANG_WARN__DUPLICATE_METHOD_MATCH = YES;
				"CODE_SIGN_IDENTITY[sdk=iphoneos*]" = "iPhone Developer";
				COPY_PHASE_STRIP = NO;
				DEBUG_INFORMATION_FORMAT = dwarf;
				ENABLE_STRICT_OBJC_MSGSEND = YES;
				ENABLE_TESTABILITY = YES;
				GCC_C_LANGUAGE_STANDARD = gnu99;
				GCC_DYNAMIC_NO_PIC = NO;
				GCC_NO_COMMON_BLOCKS = YES;
				GCC_OPTIMIZATION_LEVEL = 0;
				GCC_PREPROCESSOR_DEFINITIONS = (
					"DEBUG=1",
					"$(inherited)",
				);
				GCC_WARN_64_TO_32_BIT_CONVERSION = YES;
				GCC_WARN_ABOUT_RETURN_TYPE = YES_ERROR;
				GCC_WARN_UNDECLARED_SELECTOR = YES;
				GCC_WARN_UNINITIALIZED_AUTOS = YES_AGGRESSIVE;
				GCC_WARN_UNUSED_FUNCTION = YES;
				GCC_WARN_UNUSED_VARIABLE = YES;
				IPHONEOS_DEPLOYMENT_TARGET = 9.3;
				MTL_ENABLE_DEBUG_INFO = YES;
				ONLY_ACTIVE_ARCH = YES;
				SDKROOT = iphoneos;
				SWIFT_OPTIMIZATION_LEVEL = "-Onone";
				TARGETED_DEVICE_FAMILY = "1,2";
			};
			name = Debug;
		};
		280F46FE1D17D41F004290C4 /* Release */ = {
			isa = XCBuildConfiguration;
			buildSettings = {
				ALWAYS_SEARCH_USER_PATHS = NO;
				CLANG_ANALYZER_NONNULL = YES;
				CLANG_CXX_LANGUAGE_STANDARD = "gnu++0x";
				CLANG_CXX_LIBRARY = "libc++";
				CLANG_ENABLE_MODULES = YES;
				CLANG_ENABLE_OBJC_ARC = YES;
				CLANG_WARN_BOOL_CONVERSION = YES;
				CLANG_WARN_CONSTANT_CONVERSION = YES;
				CLANG_WARN_DIRECT_OBJC_ISA_USAGE = YES_ERROR;
				CLANG_WARN_EMPTY_BODY = YES;
				CLANG_WARN_ENUM_CONVERSION = YES;
				CLANG_WARN_INT_CONVERSION = YES;
				CLANG_WARN_OBJC_ROOT_CLASS = YES_ERROR;
				CLANG_WARN_UNREACHABLE_CODE = YES;
				CLANG_WARN__DUPLICATE_METHOD_MATCH = YES;
				"CODE_SIGN_IDENTITY[sdk=iphoneos*]" = "iPhone Developer";
				COPY_PHASE_STRIP = NO;
				DEBUG_INFORMATION_FORMAT = "dwarf-with-dsym";
				ENABLE_NS_ASSERTIONS = NO;
				ENABLE_STRICT_OBJC_MSGSEND = YES;
				GCC_C_LANGUAGE_STANDARD = gnu99;
				GCC_NO_COMMON_BLOCKS = YES;
				GCC_WARN_64_TO_32_BIT_CONVERSION = YES;
				GCC_WARN_ABOUT_RETURN_TYPE = YES_ERROR;
				GCC_WARN_UNDECLARED_SELECTOR = YES;
				GCC_WARN_UNINITIALIZED_AUTOS = YES_AGGRESSIVE;
				GCC_WARN_UNUSED_FUNCTION = YES;
				GCC_WARN_UNUSED_VARIABLE = YES;
				IPHONEOS_DEPLOYMENT_TARGET = 9.3;
				MTL_ENABLE_DEBUG_INFO = NO;
				SDKROOT = iphoneos;
				TARGETED_DEVICE_FAMILY = "1,2";
				VALIDATE_PRODUCT = YES;
			};
			name = Release;
		};
		280F47001D17D41F004290C4 /* Debug */ = {
			isa = XCBuildConfiguration;
			buildSettings = {
				ASSETCATALOG_COMPILER_APPICON_NAME = AppIcon;
				FRAMEWORK_SEARCH_PATHS = (
					"$(inherited)",
					"$(PROJECT_DIR)/SOVIS1/framework",
				);
				INFOPLIST_FILE = SOVIS1/Info.plist;
				LD_RUNPATH_SEARCH_PATHS = "$(inherited) @executable_path/Frameworks";
				PRODUCT_BUNDLE_IDENTIFIER = June.SOVIS1;
				PRODUCT_NAME = "$(TARGET_NAME)";
			};
			name = Debug;
		};
		280F47011D17D41F004290C4 /* Release */ = {
			isa = XCBuildConfiguration;
			buildSettings = {
				ASSETCATALOG_COMPILER_APPICON_NAME = AppIcon;
				FRAMEWORK_SEARCH_PATHS = (
					"$(inherited)",
					"$(PROJECT_DIR)/SOVIS1/framework",
				);
				INFOPLIST_FILE = SOVIS1/Info.plist;
				LD_RUNPATH_SEARCH_PATHS = "$(inherited) @executable_path/Frameworks";
				PRODUCT_BUNDLE_IDENTIFIER = June.SOVIS1;
				PRODUCT_NAME = "$(TARGET_NAME)";
			};
			name = Release;
		};
/* End XCBuildConfiguration section */

/* Begin XCConfigurationList section */
		280F46E81D17D41F004290C4 /* Build configuration list for PBXProject "SOVIS1" */ = {
			isa = XCConfigurationList;
			buildConfigurations = (
				280F46FD1D17D41F004290C4 /* Debug */,
				280F46FE1D17D41F004290C4 /* Release */,
			);
			defaultConfigurationIsVisible = 0;
			defaultConfigurationName = Release;
		};
		280F46FF1D17D41F004290C4 /* Build configuration list for PBXNativeTarget "SOVIS1" */ = {
			isa = XCConfigurationList;
			buildConfigurations = (
				280F47001D17D41F004290C4 /* Debug */,
				280F47011D17D41F004290C4 /* Release */,
			);
			defaultConfigurationIsVisible = 0;
		};
/* End XCConfigurationList section */
	};
	rootObject = 280F46E51D17D41F004290C4 /* Project object */;
}
